
Microsoft Visual Studio Solution File, Format Version 12.00
# Visual Studio Version 16
VisualStudioVersion = 16.0.31624.102
MinimumVisualStudioVersion = 10.0.40219.1
Project("{FAE04EC0-301F-11D3-BF4B-00C04F79EFBC}") = "test", "test.csproj", "{5CDDAE5B-9F50-45C3-9113-7F5964BEC798}"
EndProject
Global
	GlobalSection(SolutionConfigurationPlatforms) = preSolution
		Debug|Any CPU = Debug|Any CPU
		Release|Any CPU = Release|Any CPU
	EndGlobalSection
	GlobalSection(ProjectConfigurationPlatforms) = postSolution
		{5CDDAE5B-9F50-45C3-9113-7F5964BEC798}.Debug|Any CPU.ActiveCfg = Debug|Any CPU
		{5CDDAE5B-9F50-45C3-9113-7F5964BEC798}.Debug|Any CPU.Build.0 = Debug|Any CPU
		{5CDDAE5B-9F50-45C3-9113-7F5964BEC798}.Release|Any CPU.ActiveCfg = Release|Any CPU
		{5CDDAE5B-9F50-45C3-9113-7F5964BEC798}.Release|Any CPU.Build.0 = Release|Any CPU
	EndGlobalSection
	GlobalSection(SolutionProperties) = preSolution
		HideSolutionNode = FALSE
	EndGlobalSection
	GlobalSection(ExtensibilityGlobals) = postSolution
		SolutionGuid = {4238E46A-EE10-49F3-8636-A9E1F79ED401}
	EndGlobalSection
EndGlobal
